{
  "version": "4",
  "specifiers": {
    "jsr:@core/unknownutil@^4.3.0": "4.3.0",
    "jsr:@denops/core@7": "7.0.1",
    "jsr:@denops/std@7": "7.4.0",
    "jsr:@lambdalisue/itertools@^1.1.2": "1.1.2",
    "jsr:@lambdalisue/unreachable@^1.0.1": "1.0.1",
    "jsr:@std/semver@1": "1.0.3",
    "jsr:@std/ulid@1": "1.0.0",
    "npm:@thewizardbear/maze_generator@0.4": "0.4.0"
  },
  "jsr": {
    "@core/unknownutil@4.3.0": {
      "integrity": "538a3687ffa81028e91d148818047df219663d0da671d906cecd165581ae55cc"
    },
    "@denops/core@7.0.1": {
      "integrity": "ede39eec60de6d5bf0fbc0337d3e420a9689cc48afea8c71752e6c0fb630bde0"
    },
    "@denops/std@7.4.0": {
      "integrity": "6d7ae66af0286a440c14c0ba096b4336697bcd69e83e0fce21a41fb3dec10d65",
      "dependencies": [
        "jsr:@core/unknownutil",
        "jsr:@denops/core",
        "jsr:@lambdalisue/itertools",
        "jsr:@lambdalisue/unreachable",
        "jsr:@std/semver",
        "jsr:@std/ulid"
      ]
    },
    "@lambdalisue/itertools@1.1.2": {
      "integrity": "1b8c45a5ab7102a3ff1aa64c8ec0bdb12aee845bec5bf85458ed83446125587a"
    },
    "@lambdalisue/unreachable@1.0.1": {
      "integrity": "24b0743775e92ea0d076beaf0869bfbe4708054ac570742628684fb35ccda0d4"
    },
    "@std/semver@1.0.3": {
      "integrity": "7c139c6076a080eeaa4252c78b95ca5302818d7eafab0470d34cafd9930c13c8"
    },
    "@std/ulid@1.0.0": {
      "integrity": "d41c3d27a907714413649fee864b7cde8d42ee68437d22b79d5de4f81d808780"
    }
  },
  "npm": {
    "@thewizardbear/maze_generator@0.4.0": {
      "integrity": "sha512-ebzbMD4EAFE7asQS4z2mmQ72gnPeF6wUminB5SQjWBNaZN0yERsu90XQj0gQ9dXwxC9algnkrQKVWCaJJb01bQ==",
      "dependencies": [
        "node-fetch"
      ]
    },
    "data-uri-to-buffer@4.0.1": {
      "integrity": "sha512-0R9ikRb668HB7QDxT1vkpuUBtqc53YyAwMwGeUFKRojY/NWKvdZ+9UYtRfGmhqNbRkTSVpMbmyhXipFFv2cb/A=="
    },
    "fetch-blob@3.2.0": {
      "integrity": "sha512-7yAQpD2UMJzLi1Dqv7qFYnPbaPx7ZfFK6PiIxQ4PfkGPyNyl2Ugx+a/umUonmKqjhM4DnfbMvdX6otXq83soQQ==",
      "dependencies": [
        "node-domexception",
        "web-streams-polyfill"
      ]
    },
    "formdata-polyfill@4.0.10": {
      "integrity": "sha512-buewHzMvYL29jdeQTVILecSaZKnt/RJWjoZCF5OW60Z67/GmSLBkOFM7qh1PI3zFNtJbaZL5eQu1vLfazOwj4g==",
      "dependencies": [
        "fetch-blob"
      ]
    },
    "node-domexception@1.0.0": {
      "integrity": "sha512-/jKZoMpw0F8GRwl4/eLROPA3cfcXtLApP0QzLmUT/HuPCZWyB7IY9ZrMeKw2O/nFIqPQB3PVM9aYm0F312AXDQ=="
    },
    "node-fetch@3.3.2": {
      "integrity": "sha512-dRB78srN/l6gqWulah9SrxeYnxeddIG30+GOqK/9OlLVyLg3HPnr6SqOWTWOXKRwC2eGYCkZ59NNuSgvSrpgOA==",
      "dependencies": [
        "data-uri-to-buffer",
        "fetch-blob",
        "formdata-polyfill"
      ]
    },
    "web-streams-polyfill@3.3.3": {
      "integrity": "sha512-d2JWLCivmZYTSIoge9MsgFCZrt571BikcWGYkjC1khllbTeDlGqZ2D8vD8E/lJa8WGWbb7Plm8/XJYV7IJHZZw=="
    }
  }
}
