{
  "version": "4",
  "specifiers": {
    "jsr:@core/unknownutil@^4.3.0": "4.3.0",
    "jsr:@denops/core@7": "7.0.1",
    "jsr:@denops/std@7": "7.4.0",
    "jsr:@lambdalisue/itertools@^1.1.2": "1.1.2",
    "jsr:@lambdalisue/unreachable@^1.0.1": "1.0.1",
    "jsr:@std/semver@1": "1.0.3",
    "jsr:@std/ulid@1": "1.0.0",
    "npm:@thewizardbear/maze_generator@0.4": "0.4.0"
  },
  "jsr": {
    "@core/unknownutil@4.3.0": {
      "integrity": "538a3687ffa81028e91d148818047df219663d0da671d906cecd165581ae55cc"
    },
    "@denops/core@7.0.1": {
      "integrity": "ede39eec60de6d5bf0fbc0337d3e420a9689cc48afea8c71752e6c0fb630bde0"
    },
    "@denops/std@7.4.0": {
      "integrity": "6d7ae66af0286a440c14c0ba096b4336697bcd69e83e0fce21a41fb3dec10d65",
      "dependencies": [
        "jsr:@core/unknownutil",
        "jsr:@denops/core",
        "jsr:@lambdalisue/itertools",
        "jsr:@lambdalisue/unreachable",
        "jsr:@std/semver",
        "jsr:@std/ulid"
      ]
    },
    "@lambdalisue/itertools@1.1.2": {
      "integrity": "1b8c45a5ab7102a3ff1aa64c8ec0bdb12aee845bec5bf85458ed83446125587a"
    },
    "@lambdalisue/unreachable@1.0.1": {
      "integrity": "24b0743775e92ea0d076beaf0869bfbe4708054ac570742628684fb35ccda0d4"
    },
    "@std/semver@1.0.3": {
      "integrity": "7c139c6076a080eeaa4252c78b95ca5302818d7eafab0470d34cafd9930c13c8"
    },
    "@std/ulid@1.0.0": {
      "integrity": "d41c3d27a907714413649fee864b7cde8d42ee68437d22b79d5de4f81d808780"
    }
  },
  "npm": {
    "@thewizardbear/maze_generator@0.4.0": {
      "integrity": "sha512-ebzbMD4EAFE7asQS4z2mmQ72gnPeF6wUminB5SQjWBNaZN0yERsu90XQj0gQ9dXwxC9algnkrQKVWCaJJb01bQ==",
      "dependencies": [
        "node-fetch"
      ]
    },
    "data-uri-to-buffer@4.0.1": {
      "integrity": "sha512-0R9ikRb668HB7QDxT1vkpuUBtqc53YyAwMwGeUFKRojY/NWKvdZ+9UYtRfGmhqNbRkTSVpMbmyhXipFFv2cb/A=="
    },
    "fetch-blob@3.2.0": {
      "integrity": "sha512-7yAQpD2UMJzLi1Dqv7qFYnPbaPx7ZfFK6PiIxQ4PfkGPyNyl2Ugx+a/umUonmKqjhM4DnfbMvdX6otXq83soQQ==",
      "dependencies": [
        "node-domexception",
        "web-streams-polyfill"
      ]
    },
    "formdata-polyfill@4.0.10": {
      "integrity": "sha512-buewHzMvYL29jdeQTVILecSaZKnt/RJWjoZCF5OW60Z67/GmSLBkOFM7qh1PI3zFNtJbaZL5eQu1vLfazOwj4g==",
      "dependencies": [
        "fetch-blob"
      ]
    },
    "node-domexception@1.0.0": {
      "integrity": "sha512-/jKZoMpw0F8GRwl4/eLROPA3cfcXtLApP0QzLmUT/HuPCZWyB7IY9ZrMeKw2O/nFIqPQB3PVM9aYm0F312AXDQ=="
    },
    "node-fetch@3.3.2": {
      "integrity": "sha512-dRB78srN/l6gqWulah9SrxeYnxeddIG30+GOqK/9OlLVyLg3HPnr6SqOWTWOXKRwC2eGYCkZ59NNuSgvSrpgOA==",
      "dependencies": [
        "data-uri-to-buffer",
        "fetch-blob",
        "formdata-polyfill"
      ]
    },
    "web-streams-polyfill@3.3.3": {
      "integrity": "sha512-d2JWLCivmZYTSIoge9MsgFCZrt571BikcWGYkjC1khllbTeDlGqZ2D8vD8E/lJa8WGWbb7Plm8/XJYV7IJHZZw=="
    }
  },
  "remote": {
    "https://deno.land/std@0.188.0/_util/asserts.ts": "178dfc49a464aee693a7e285567b3d0b555dc805ff490505a8aae34f9cfb1462",
    "https://deno.land/std@0.188.0/_util/os.ts": "d932f56d41e4f6a6093d56044e29ce637f8dcc43c5a90af43504a889cf1775e3",
    "https://deno.land/std@0.188.0/fs/_util.ts": "579038bebc3bd35c43a6a7766f7d91fbacdf44bc03468e9d3134297bb99ed4f9",
    "https://deno.land/std@0.188.0/fs/copy.ts": "14214efd94fc3aa6db1e4af2b4b9578e50f7362b7f3725d5a14ad259a5df26c8",
    "https://deno.land/std@0.188.0/fs/empty_dir.ts": "c3d2da4c7352fab1cf144a1ecfef58090769e8af633678e0f3fabaef98594688",
    "https://deno.land/std@0.188.0/fs/ensure_dir.ts": "dc64c4c75c64721d4e3fb681f1382f803ff3d2868f08563ff923fdd20d071c40",
    "https://deno.land/std@0.188.0/fs/ensure_file.ts": "c38602670bfaf259d86ca824a94e6cb9e5eb73757fefa4ebf43a90dd017d53d9",
    "https://deno.land/std@0.188.0/fs/ensure_link.ts": "c0f5b2f0ec094ed52b9128eccb1ee23362a617457aa0f699b145d4883f5b2fb4",
    "https://deno.land/std@0.188.0/fs/ensure_symlink.ts": "5006ab2f458159c56d689b53b1e48d57e05eeb1eaf64e677f7f76a30bc4fdba1",
    "https://deno.land/std@0.188.0/fs/eol.ts": "f1f2eb348a750c34500741987b21d65607f352cf7205f48f4319d417fff42842",
    "https://deno.land/std@0.188.0/fs/exists.ts": "29c26bca8584a22876be7cb8844f1b6c8fc35e9af514576b78f5c6884d7ed02d",
    "https://deno.land/std@0.188.0/fs/expand_glob.ts": "e4f56259a0a70fe23f05215b00de3ac5e6ba46646ab2a06ebbe9b010f81c972a",
    "https://deno.land/std@0.188.0/fs/mod.ts": "bc3d0acd488cc7b42627044caf47d72019846d459279544e1934418955ba4898",
    "https://deno.land/std@0.188.0/fs/move.ts": "b4f8f46730b40c32ea3c0bc8eb0fd0e8139249a698883c7b3756424cf19785c9",
    "https://deno.land/std@0.188.0/fs/walk.ts": "920be35a7376db6c0b5b1caf1486fb962925e38c9825f90367f8f26b5e5d0897",
    "https://deno.land/std@0.188.0/path/_constants.ts": "e49961f6f4f48039c0dfed3c3f93e963ca3d92791c9d478ac5b43183413136e0",
    "https://deno.land/std@0.188.0/path/_interface.ts": "6471159dfbbc357e03882c2266d21ef9afdb1e4aa771b0545e90db58a0ba314b",
    "https://deno.land/std@0.188.0/path/_util.ts": "d7abb1e0dea065f427b89156e28cdeb32b045870acdf865833ba808a73b576d0",
    "https://deno.land/std@0.188.0/path/common.ts": "ee7505ab01fd22de3963b64e46cff31f40de34f9f8de1fff6a1bd2fe79380000",
    "https://deno.land/std@0.188.0/path/glob.ts": "d479e0a695621c94d3fd7fe7abd4f9499caf32a8de13f25073451c6ef420a4e1",
    "https://deno.land/std@0.188.0/path/mod.ts": "ee161baec5ded6510ee1d1fb6a75a0f5e4b41f3f3301c92c716ecbdf7dae910d",
    "https://deno.land/std@0.188.0/path/posix.ts": "8b7c67ac338714b30c816079303d0285dd24af6b284f7ad63da5b27372a2c94d",
    "https://deno.land/std@0.188.0/path/separator.ts": "0fb679739d0d1d7bf45b68dacfb4ec7563597a902edbaf3c59b50d5bcadd93b1",
    "https://deno.land/std@0.188.0/path/win32.ts": "d186344e5583bcbf8b18af416d13d82b35a317116e6460a5a3953508c3de5bba",
    "https://deno.land/std@0.188.0/semver/mod.ts": "200f50cf6872212667df532fb09f0b1a33d3427a5201f75fad30a0d0c6dbcce3",
    "https://deno.land/x/denops_core@v5.0.0/denops.ts": "ffc9c6dcf873d806ae6e426661dc86d6c27f3faabaf19eea336254ee57b554cc",
    "https://deno.land/x/denops_core@v5.0.0/mod.ts": "abc31bf739a30a8cf07d54a56b7c5d5efb8105bf9dd4d6dae4866649985bc035",
    "https://deno.land/x/denops_std@v5.0.0/function/_generated.ts": "f9ec2bf72d98e6070afffedf4aa3e11decb6d611da2431859b0b4af3dcc10d3a",
    "https://deno.land/x/denops_std@v5.0.0/function/_manual.ts": "a26da7f6d5cae879eac8ebb925cf86943ef49644fe99878c69c6917697672ea7",
    "https://deno.land/x/denops_std@v5.0.0/function/buffer.ts": "b84bc924eadd1085a0bd68dd45ad794fd8eb7aad314a7697e3339dfc6cbaaed6",
    "https://deno.land/x/denops_std@v5.0.0/function/common.ts": "7511002d713c8c064d8e1d87f381f94292bf6963c0b866a51c510ad57af8f698",
    "https://deno.land/x/denops_std@v5.0.0/function/cursor.ts": "18bc8ed07666f6769c89ef9bcf8009719f16f0ad03b7a27c6bb18bc09362030e",
    "https://deno.land/x/denops_std@v5.0.0/function/getreginfo.ts": "ca7f16ff2f3e4644dd03b55ae233fd01247aa8418dbfe042bc91fe70eebd1bab",
    "https://deno.land/x/denops_std@v5.0.0/function/input.ts": "ff24065c05291bd5dce2a3a1b92291a97d3ef5b05e9d135a54b07d7c45b33374",
    "https://deno.land/x/denops_std@v5.0.0/function/mod.ts": "714b13733ab9a1a4cb77220dafe27ee5edabe00c000ab79f8ab030a5c8440788",
    "https://deno.land/x/denops_std@v5.0.0/function/types.ts": "182b31a01540b65ef132f5743ff0c5141b577a5e0a95e5479b8745905763a434",
    "https://deno.land/x/denops_std@v5.0.0/function/various.ts": "442cfb107e1ff881b0772276feba59d60504f3776dd03d47b039acac2e07ed3d",
    "https://deno.land/x/denops_std@v5.0.0/helper/echo.ts": "9bacbbb69a87817554dacf716e95f6aeb058fdfff0a80e2dbba5d76706809df4",
    "https://deno.land/x/denops_std@v5.0.0/helper/execute.ts": "4534e956ab1e4e160358cef64627e0877071f219b72d447c9314ce5d505f4412",
    "https://deno.land/x/denops_std@v5.0.0/helper/input.ts": "eb4084690090882310babf9c75d655e7ab25ab44c4b36a16c5c3d9a7d64cfffa",
    "https://deno.land/x/denops_std@v5.0.0/helper/load.ts": "2951dd406b59aae609d20ed6a6723f07a5fa770341fe5042fe1f3d2f60f86bef",
    "https://deno.land/x/denops_std@v5.0.0/helper/mod.ts": "4f008bc1bfdb89129b493c49be1996c9aa7902ad0a862675a7884d4d6c255c8f",
    "https://deno.land/x/denops_std@v5.0.0/lambda/mod.ts": "72ed7e5109cd008403a63065025eba9a9bb184e5feda6517642f49478c2c6121",
    "https://deno.land/x/denops_std@v5.0.0/mod.ts": "b0a68b416fd320ac977e8e1a5fcddecb02924d2bb5c1dd2843a789d533d173b2",
    "https://deno.land/x/denops_std@v5.0.0/util.ts": "ded8c5790c4cb6082d27596ff0958291d795695ec6323113dec5c1985b5ebb46",
    "https://deno.land/x/unknownutil@v2.1.1/assert.ts": "33ac165c3917129a66f29a7098c0d56d8be290cc271afd0152705b97c770892d",
    "https://deno.land/x/unknownutil@v2.1.1/ensure.ts": "c7878930c8bd341e88c4f1fc742e98fe5e8451f5b9bac21fae2d085914d95827",
    "https://deno.land/x/unknownutil@v2.1.1/is.ts": "32ef707359264c5baf97725ceb13f87ef34e73b50eb199d76034742bec21f2a2",
    "https://deno.land/x/unknownutil@v2.1.1/maybe.ts": "260f159636893d2d0e08814151a0b19b3bc0e7fa8b423bdf2b64aa664a4ee735",
    "https://deno.land/x/unknownutil@v2.1.1/mod.ts": "ccd4f6ba067ac766da0533f13a018a6734c042a9484115fa49c7face17e8501d"
  }
}
